
Microsoft Visual Studio Solution File, Format Version 12.00
# Visual Studio Version 17
VisualStudioVersion = 17.9.34728.123
MinimumVisualStudioVersion = 10.0.40219.1
Project("{FAE04EC0-301F-11D3-BF4B-00C04F79EFBC}") = "Ordering Systems", "Ordering Systems\Ordering Systems.csproj", "{DF96B930-FC66-4CBE-8D64-F3BD41474AB1}"
EndProject
Global
	GlobalSection(SolutionConfigurationPlatforms) = preSolution
		Debug|Any CPU = Debug|Any CPU
		Release|Any CPU = Release|Any CPU
	EndGlobalSection
	GlobalSection(ProjectConfigurationPlatforms) = postSolution
		{DF96B930-FC66-4CBE-8D64-F3BD41474AB1}.Debug|Any CPU.ActiveCfg = Debug|Any CPU
		{DF96B930-FC66-4CBE-8D64-F3BD41474AB1}.Debug|Any CPU.Build.0 = Debug|Any CPU
		{DF96B930-FC66-4CBE-8D64-F3BD41474AB1}.Release|Any CPU.ActiveCfg = Release|Any CPU
		{DF96B930-FC66-4CBE-8D64-F3BD41474AB1}.Release|Any CPU.Build.0 = Release|Any CPU
	EndGlobalSection
	GlobalSection(SolutionProperties) = preSolution
		HideSolutionNode = FALSE
	EndGlobalSection
	GlobalSection(ExtensibilityGlobals) = postSolution
		SolutionGuid = {BEB0C34F-E9EB-4FD7-8B76-205A45E80605}
	EndGlobalSection
EndGlobal
